// !$*UTF8*$!
{
	archiveVersion = 1;
	classes = {
	};
	objectVersion = 46;
	objects = {

/* Begin PBXBuildFile section */
		DC3D177B1AA9275D006EEEE7 /* GraphView.swift in Sources */ = {isa = PBXBuildFile; fileRef = DC3D177A1AA9275D006EEEE7 /* GraphView.swift */; };
		DC4FCFE21AA5CDC400466941 /* AppDelegate.swift in Sources */ = {isa = PBXBuildFile; fileRef = DC4FCFE11AA5CDC400466941 /* AppDelegate.swift */; };
		DC4FCFE41AA5CDC400466941 /* ViewController.swift in Sources */ = {isa = PBXBuildFile; fileRef = DC4FCFE31AA5CDC400466941 /* ViewController.swift */; };
		DC4FCFE71AA5CDC400466941 /* Main.storyboard in Resources */ = {isa = PBXBuildFile; fileRef = DC4FCFE51AA5CDC400466941 /* Main.storyboard */; };
		DC4FCFE91AA5CDC400466941 /* Images.xcassets in Resources */ = {isa = PBXBuildFile; fileRef = DC4FCFE81AA5CDC400466941 /* Images.xcassets */; };
		DC4FCFEC1AA5CDC400466941 /* LaunchScreen.xib in Resources */ = {isa = PBXBuildFile; fileRef = DC4FCFEA1AA5CDC400466941 /* LaunchScreen.xib */; };
		DC4FCFF81AA5CDC400466941 /* FloTests.swift in Sources */ = {isa = PBXBuildFile; fileRef = DC4FCFF71AA5CDC400466941 /* FloTests.swift */; };
		DC4FD0021AA5CDE600466941 /* PushButtonView.swift in Sources */ = {isa = PBXBuildFile; fileRef = DC4FD0011AA5CDE600466941 /* PushButtonView.swift */; };
		DCC991131AA721E90019C4C9 /* CounterView.swift in Sources */ = {isa = PBXBuildFile; fileRef = DCC991121AA721E90019C4C9 /* CounterView.swift */; };
/* End PBXBuildFile section */

/* Begin PBXContainerItemProxy section */
		DC4FCFF21AA5CDC400466941 /* PBXContainerItemProxy */ = {
			isa = PBXContainerItemProxy;
			containerPortal = DC4FCFD41AA5CDC300466941 /* Project object */;
			proxyType = 1;
			remoteGlobalIDString = DC4FCFDB1AA5CDC300466941;
			remoteInfo = Flo;
		};
/* End PBXContainerItemProxy section */

/* Begin PBXFileReference section */
		DC3D177A1AA9275D006EEEE7 /* GraphView.swift */ = {isa = PBXFileReference; fileEncoding = 4; lastKnownFileType = sourcecode.swift; path = GraphView.swift; sourceTree = "<group>"; };
		DC4FCFDC1AA5CDC300466941 /* Flo.app */ = {isa = PBXFileReference; explicitFileType = wrapper.application; includeInIndex = 0; path = Flo.app; sourceTree = BUILT_PRODUCTS_DIR; };
		DC4FCFE01AA5CDC300466941 /* Info.plist */ = {isa = PBXFileReference; lastKnownFileType = text.plist.xml; path = Info.plist; sourceTree = "<group>"; };
		DC4FCFE11AA5CDC400466941 /* AppDelegate.swift */ = {isa = PBXFileReference; lastKnownFileType = sourcecode.swift; path = AppDelegate.swift; sourceTree = "<group>"; };
		DC4FCFE31AA5CDC400466941 /* ViewController.swift */ = {isa = PBXFileReference; lastKnownFileType = sourcecode.swift; path = ViewController.swift; sourceTree = "<group>"; };
		DC4FCFE61AA5CDC400466941 /* Base */ = {isa = PBXFileReference; lastKnownFileType = file.storyboard; name = Base; path = Base.lproj/Main.storyboard; sourceTree = "<group>"; };
		DC4FCFE81AA5CDC400466941 /* Images.xcassets */ = {isa = PBXFileReference; lastKnownFileType = folder.assetcatalog; path = Images.xcassets; sourceTree = "<group>"; };
		DC4FCFEB1AA5CDC400466941 /* Base */ = {isa = PBXFileReference; lastKnownFileType = file.xib; name = Base; path = Base.lproj/LaunchScreen.xib; sourceTree = "<group>"; };
		DC4FCFF11AA5CDC400466941 /* FloTests.xctest */ = {isa = PBXFileReference; explicitFileType = wrapper.cfbundle; includeInIndex = 0; path = FloTests.xctest; sourceTree = BUILT_PRODUCTS_DIR; };
		DC4FCFF61AA5CDC400466941 /* Info.plist */ = {isa = PBXFileReference; lastKnownFileType = text.plist.xml; path = Info.plist; sourceTree = "<group>"; };
		DC4FCFF71AA5CDC400466941 /* FloTests.swift */ = {isa = PBXFileReference; lastKnownFileType = sourcecode.swift; path = FloTests.swift; sourceTree = "<group>"; };
		DC4FD0011AA5CDE600466941 /* PushButtonView.swift */ = {isa = PBXFileReference; fileEncoding = 4; lastKnownFileType = sourcecode.swift; path = PushButtonView.swift; sourceTree = "<group>"; };
		DCC991121AA721E90019C4C9 /* CounterView.swift */ = {isa = PBXFileReference; fileEncoding = 4; lastKnownFileType = sourcecode.swift; path = CounterView.swift; sourceTree = "<group>"; };
/* End PBXFileReference section */

/* Begin PBXFrameworksBuildPhase section */
		DC4FCFD91AA5CDC300466941 /* Frameworks */ = {
			isa = PBXFrameworksBuildPhase;
			buildActionMask = 2147483647;
			files = (
			);
			runOnlyForDeploymentPostprocessing = 0;
		};
		DC4FCFEE1AA5CDC400466941 /* Frameworks */ = {
			isa = PBXFrameworksBuildPhase;
			buildActionMask = 2147483647;
			files = (
			);
			runOnlyForDeploymentPostprocessing = 0;
		};
/* End PBXFrameworksBuildPhase section */

/* Begin PBXGroup section */
		DC4FCFD31AA5CDC300466941 = {
			isa = PBXGroup;
			children = (
				DC4FCFDE1AA5CDC300466941 /* Flo */,
				DC4FCFF41AA5CDC400466941 /* FloTests */,
				DC4FCFDD1AA5CDC300466941 /* Products */,
			);
			sourceTree = "<group>";
		};
		DC4FCFDD1AA5CDC300466941 /* Products */ = {
			isa = PBXGroup;
			children = (
				DC4FCFDC1AA5CDC300466941 /* Flo.app */,
				DC4FCFF11AA5CDC400466941 /* FloTests.xctest */,
			);
			name = Products;
			sourceTree = "<group>";
		};
		DC4FCFDE1AA5CDC300466941 /* Flo */ = {
			isa = PBXGroup;
			children = (
				DC4FCFE11AA5CDC400466941 /* AppDelegate.swift */,
				DC4FCFE31AA5CDC400466941 /* ViewController.swift */,
				DC4FCFE51AA5CDC400466941 /* Main.storyboard */,
				DCC991121AA721E90019C4C9 /* CounterView.swift */,
				DC4FCFE81AA5CDC400466941 /* Images.xcassets */,
				DC4FCFEA1AA5CDC400466941 /* LaunchScreen.xib */,
				DC4FCFDF1AA5CDC300466941 /* Supporting Files */,
				DC4FD0011AA5CDE600466941 /* PushButtonView.swift */,
				DC3D177A1AA9275D006EEEE7 /* GraphView.swift */,
			);
			path = Flo;
			sourceTree = "<group>";
		};
		DC4FCFDF1AA5CDC300466941 /* Supporting Files */ = {
			isa = PBXGroup;
			children = (
				DC4FCFE01AA5CDC300466941 /* Info.plist */,
			);
			name = "Supporting Files";
			sourceTree = "<group>";
		};
		DC4FCFF41AA5CDC400466941 /* FloTests */ = {
			isa = PBXGroup;
			children = (
				DC4FCFF71AA5CDC400466941 /* FloTests.swift */,
				DC4FCFF51AA5CDC400466941 /* Supporting Files */,
			);
			path = FloTests;
			sourceTree = "<group>";
		};
		DC4FCFF51AA5CDC400466941 /* Supporting Files */ = {
			isa = PBXGroup;
			children = (
				DC4FCFF61AA5CDC400466941 /* Info.plist */,
			);
			name = "Supporting Files";
			sourceTree = "<group>";
		};
/* End PBXGroup section */

/* Begin PBXNativeTarget section */
		DC4FCFDB1AA5CDC300466941 /* Flo */ = {
			isa = PBXNativeTarget;
			buildConfigurationList = DC4FCFFB1AA5CDC400466941 /* Build configuration list for PBXNativeTarget "Flo" */;
			buildPhases = (
				DC4FCFD81AA5CDC300466941 /* Sources */,
				DC4FCFD91AA5CDC300466941 /* Frameworks */,
				DC4FCFDA1AA5CDC300466941 /* Resources */,
			);
			buildRules = (
			);
			dependencies = (
			);
			name = Flo;
			productName = Flo;
			productReference = DC4FCFDC1AA5CDC300466941 /* Flo.app */;
			productType = "com.apple.product-type.application";
		};
		DC4FCFF01AA5CDC400466941 /* FloTests */ = {
			isa = PBXNativeTarget;
			buildConfigurationList = DC4FCFFE1AA5CDC400466941 /* Build configuration list for PBXNativeTarget "FloTests" */;
			buildPhases = (
				DC4FCFED1AA5CDC400466941 /* Sources */,
				DC4FCFEE1AA5CDC400466941 /* Frameworks */,
				DC4FCFEF1AA5CDC400466941 /* Resources */,
			);
			buildRules = (
			);
			dependencies = (
				DC4FCFF31AA5CDC400466941 /* PBXTargetDependency */,
			);
			name = FloTests;
			productName = FloTests;
			productReference = DC4FCFF11AA5CDC400466941 /* FloTests.xctest */;
			productType = "com.apple.product-type.bundle.unit-test";
		};
/* End PBXNativeTarget section */

/* Begin PBXProject section */
		DC4FCFD41AA5CDC300466941 /* Project object */ = {
			isa = PBXProject;
			attributes = {
				LastUpgradeCheck = 0610;
				ORGANIZATIONNAME = JohnIsaac;
				TargetAttributes = {
					DC4FCFDB1AA5CDC300466941 = {
						CreatedOnToolsVersion = 6.1;
					};
					DC4FCFF01AA5CDC400466941 = {
						CreatedOnToolsVersion = 6.1;
						TestTargetID = DC4FCFDB1AA5CDC300466941;
					};
				};
			};
			buildConfigurationList = DC4FCFD71AA5CDC300466941 /* Build configuration list for PBXProject "Flo" */;
			compatibilityVersion = "Xcode 3.2";
			developmentRegion = English;
			hasScannedForEncodings = 0;
			knownRegions = (
				en,
				Base,
			);
			mainGroup = DC4FCFD31AA5CDC300466941;
			productRefGroup = DC4FCFDD1AA5CDC300466941 /* Products */;
			projectDirPath = "";
			projectRoot = "";
			targets = (
				DC4FCFDB1AA5CDC300466941 /* Flo */,
				DC4FCFF01AA5CDC400466941 /* FloTests */,
			);
		};
/* End PBXProject section */

/* Begin PBXResourcesBuildPhase section */
		DC4FCFDA1AA5CDC300466941 /* Resources */ = {
			isa = PBXResourcesBuildPhase;
			buildActionMask = 2147483647;
			files = (
				DC4FCFE71AA5CDC400466941 /* Main.storyboard in Resources */,
				DC4FCFEC1AA5CDC400466941 /* LaunchScreen.xib in Resources */,
				DC4FCFE91AA5CDC400466941 /* Images.xcassets in Resources */,
			);
			runOnlyForDeploymentPostprocessing = 0;
		};
		DC4FCFEF1AA5CDC400466941 /* Resources */ = {
			isa = PBXResourcesBuildPhase;
			buildActionMask = 2147483647;
			files = (
			);
			runOnlyForDeploymentPostprocessing = 0;
		};
/* End PBXResourcesBuildPhase section */

/* Begin PBXSourcesBuildPhase section */
		DC4FCFD81AA5CDC300466941 /* Sources */ = {
			isa = PBXSourcesBuildPhase;
			buildActionMask = 2147483647;
			files = (
				DC3D177B1AA9275D006EEEE7 /* GraphView.swift in Sources */,
				DC4FCFE41AA5CDC400466941 /* ViewController.swift in Sources */,
				DC4FD0021AA5CDE600466941 /* PushButtonView.swift in Sources */,
				DC4FCFE21AA5CDC400466941 /* AppDelegate.swift in Sources */,
				DCC991131AA721E90019C4C9 /* CounterView.swift in Sources */,
			);
			runOnlyForDeploymentPostprocessing = 0;
		};
		DC4FCFED1AA5CDC400466941 /* Sources */ = {
			isa = PBXSourcesBuildPhase;
			buildActionMask = 2147483647;
			files = (
				DC4FCFF81AA5CDC400466941 /* FloTests.swift in Sources */,
			);
			runOnlyForDeploymentPostprocessing = 0;
		};
/* End PBXSourcesBuildPhase section */

/* Begin PBXTargetDependency section */
		DC4FCFF31AA5CDC400466941 /* PBXTargetDependency */ = {
			isa = PBXTargetDependency;
			target = DC4FCFDB1AA5CDC300466941 /* Flo */;
			targetProxy = DC4FCFF21AA5CDC400466941 /* PBXContainerItemProxy */;
		};
/* End PBXTargetDependency section */

/* Begin PBXVariantGroup section */
		DC4FCFE51AA5CDC400466941 /* Main.storyboard */ = {
			isa = PBXVariantGroup;
			children = (
				DC4FCFE61AA5CDC400466941 /* Base */,
			);
			name = Main.storyboard;
			sourceTree = "<group>";
		};
		DC4FCFEA1AA5CDC400466941 /* LaunchScreen.xib */ = {
			isa = PBXVariantGroup;
			children = (
				DC4FCFEB1AA5CDC400466941 /* Base */,
			);
			name = LaunchScreen.xib;
			sourceTree = "<group>";
		};
/* End PBXVariantGroup section */

/* Begin XCBuildConfiguration section */
		DC4FCFF91AA5CDC400466941 /* Debug */ = {
			isa = XCBuildConfiguration;
			buildSettings = {
				ALWAYS_SEARCH_USER_PATHS = NO;
				CLANG_CXX_LANGUAGE_STANDARD = "gnu++0x";
				CLANG_CXX_LIBRARY = "libc++";
				CLANG_ENABLE_MODULES = YES;
				CLANG_ENABLE_OBJC_ARC = YES;
				CLANG_WARN_BOOL_CONVERSION = YES;
				CLANG_WARN_CONSTANT_CONVERSION = YES;
				CLANG_WARN_DIRECT_OBJC_ISA_USAGE = YES_ERROR;
				CLANG_WARN_EMPTY_BODY = YES;
				CLANG_WARN_ENUM_CONVERSION = YES;
				CLANG_WARN_INT_CONVERSION = YES;
				CLANG_WARN_OBJC_ROOT_CLASS = YES_ERROR;
				CLANG_WARN_UNREACHABLE_CODE = YES;
				CLANG_WARN__DUPLICATE_METHOD_MATCH = YES;
				"CODE_SIGN_IDENTITY[sdk=iphoneos*]" = "iPhone Developer";
				COPY_PHASE_STRIP = NO;
				ENABLE_STRICT_OBJC_MSGSEND = YES;
				GCC_C_LANGUAGE_STANDARD = gnu99;
				GCC_DYNAMIC_NO_PIC = NO;
				GCC_OPTIMIZATION_LEVEL = 0;
				GCC_PREPROCESSOR_DEFINITIONS = (
					"DEBUG=1",
					"$(inherited)",
				);
				GCC_SYMBOLS_PRIVATE_EXTERN = NO;
				GCC_WARN_64_TO_32_BIT_CONVERSION = YES;
				GCC_WARN_ABOUT_RETURN_TYPE = YES_ERROR;
				GCC_WARN_UNDECLARED_SELECTOR = YES;
				GCC_WARN_UNINITIALIZED_AUTOS = YES_AGGRESSIVE;
				GCC_WARN_UNUSED_FUNCTION = YES;
				GCC_WARN_UNUSED_VARIABLE = YES;
				IPHONEOS_DEPLOYMENT_TARGET = 8.1;
				MTL_ENABLE_DEBUG_INFO = YES;
				ONLY_ACTIVE_ARCH = YES;
				SDKROOT = iphoneos;
				SWIFT_OPTIMIZATION_LEVEL = "-Onone";
			};
			name = Debug;
		};
		DC4FCFFA1AA5CDC400466941 /* Release */ = {
			isa = XCBuildConfiguration;
			buildSettings = {
				ALWAYS_SEARCH_USER_PATHS = NO;
				CLANG_CXX_LANGUAGE_STANDARD = "gnu++0x";
				CLANG_CXX_LIBRARY = "libc++";
				CLANG_ENABLE_MODULES = YES;
				CLANG_ENABLE_OBJC_ARC = YES;
				CLANG_WARN_BOOL_CONVERSION = YES;
				CLANG_WARN_CONSTANT_CONVERSION = YES;
				CLANG_WARN_DIRECT_OBJC_ISA_USAGE = YES_ERROR;
				CLANG_WARN_EMPTY_BODY = YES;
				CLANG_WARN_ENUM_CONVERSION = YES;
				CLANG_WARN_INT_CONVERSION = YES;
				CLANG_WARN_OBJC_ROOT_CLASS = YES_ERROR;
				CLANG_WARN_UNREACHABLE_CODE = YES;
				CLANG_WARN__DUPLICATE_METHOD_MATCH = YES;
				"CODE_SIGN_IDENTITY[sdk=iphoneos*]" = "iPhone Developer";
				COPY_PHASE_STRIP = YES;
				ENABLE_NS_ASSERTIONS = NO;
				ENABLE_STRICT_OBJC_MSGSEND = YES;
				GCC_C_LANGUAGE_STANDARD = gnu99;
				GCC_WARN_64_TO_32_BIT_CONVERSION = YES;
				GCC_WARN_ABOUT_RETURN_TYPE = YES_ERROR;
				GCC_WARN_UNDECLARED_SELECTOR = YES;
				GCC_WARN_UNINITIALIZED_AUTOS = YES_AGGRESSIVE;
				GCC_WARN_UNUSED_FUNCTION = YES;
				GCC_WARN_UNUSED_VARIABLE = YES;
				IPHONEOS_DEPLOYMENT_TARGET = 8.1;
				MTL_ENABLE_DEBUG_INFO = NO;
				SDKROOT = iphoneos;
				VALIDATE_PRODUCT = YES;
			};
			name = Release;
		};
		DC4FCFFC1AA5CDC400466941 /* Debug */ = {
			isa = XCBuildConfiguration;
			buildSettings = {
				ASSETCATALOG_COMPILER_APPICON_NAME = AppIcon;
				INFOPLIST_FILE = Flo/Info.plist;
				LD_RUNPATH_SEARCH_PATHS = "$(inherited) @executable_path/Frameworks";
				PRODUCT_NAME = "$(TARGET_NAME)";
			};
			name = Debug;
		};
		DC4FCFFD1AA5CDC400466941 /* Release */ = {
			isa = XCBuildConfiguration;
			buildSettings = {
				ASSETCATALOG_COMPILER_APPICON_NAME = AppIcon;
				INFOPLIST_FILE = Flo/Info.plist;
				LD_RUNPATH_SEARCH_PATHS = "$(inherited) @executable_path/Frameworks";
				PRODUCT_NAME = "$(TARGET_NAME)";
			};
			name = Release;
		};
		DC4FCFFF1AA5CDC400466941 /* Debug */ = {
			isa = XCBuildConfiguration;
			buildSettings = {
				BUNDLE_LOADER = "$(TEST_HOST)";
				FRAMEWORK_SEARCH_PATHS = (
					"$(SDKROOT)/Developer/Library/Frameworks",
					"$(inherited)",
				);
				GCC_PREPROCESSOR_DEFINITIONS = (
					"DEBUG=1",
					"$(inherited)",
				);
				INFOPLIST_FILE = FloTests/Info.plist;
				LD_RUNPATH_SEARCH_PATHS = "$(inherited) @executable_path/Frameworks @loader_path/Frameworks";
				PRODUCT_NAME = "$(TARGET_NAME)";
				TEST_HOST = "$(BUILT_PRODUCTS_DIR)/Flo.app/Flo";
			};
			name = Debug;
		};
		DC4FD0001AA5CDC400466941 /* Release */ = {
			isa = XCBuildConfiguration;
			buildSettings = {
				BUNDLE_LOADER = "$(TEST_HOST)";
				FRAMEWORK_SEARCH_PATHS = (
					"$(SDKROOT)/Developer/Library/Frameworks",
					"$(inherited)",
				);
				INFOPLIST_FILE = FloTests/Info.plist;
				LD_RUNPATH_SEARCH_PATHS = "$(inherited) @executable_path/Frameworks @loader_path/Frameworks";
				PRODUCT_NAME = "$(TARGET_NAME)";
				TEST_HOST = "$(BUILT_PRODUCTS_DIR)/Flo.app/Flo";
			};
			name = Release;
		};
/* End XCBuildConfiguration section */

/* Begin XCConfigurationList section */
		DC4FCFD71AA5CDC300466941 /* Build configuration list for PBXProject "Flo" */ = {
			isa = XCConfigurationList;
			buildConfigurations = (
				DC4FCFF91AA5CDC400466941 /* Debug */,
				DC4FCFFA1AA5CDC400466941 /* Release */,
			);
			defaultConfigurationIsVisible = 0;
			defaultConfigurationName = Release;
		};
		DC4FCFFB1AA5CDC400466941 /* Build configuration list for PBXNativeTarget "Flo" */ = {
			isa = XCConfigurationList;
			buildConfigurations = (
				DC4FCFFC1AA5CDC400466941 /* Debug */,
				DC4FCFFD1AA5CDC400466941 /* Release */,
			);
			defaultConfigurationIsVisible = 0;
			defaultConfigurationName = Release;
		};
		DC4FCFFE1AA5CDC400466941 /* Build configuration list for PBXNativeTarget "FloTests" */ = {
			isa = XCConfigurationList;
			buildConfigurations = (
				DC4FCFFF1AA5CDC400466941 /* Debug */,
				DC4FD0001AA5CDC400466941 /* Release */,
			);
			defaultConfigurationIsVisible = 0;
			defaultConfigurationName = Release;
		};
/* End XCConfigurationList section */
	};
	rootObject = DC4FCFD41AA5CDC300466941 /* Project object */;
}
